# Generated by move; do not edit
# This file should be checked in.

[move]
version = 4

[pinned.mainnet.BluefinSpot]
source = { root = true }
use_environment = "mainnet"
manifest_digest = "043C59593E29054040F77187DAE6A811D2FAA38BA4A837101A8AF1371FC5A5FC"
deps = { IntegerLibrary = "IntegerLibrary", IntegerMate = "IntegerMate", MoveStdlib = "MoveStdlib", Sui = "Sui" }

[pinned.mainnet.IntegerLibrary]
source = { git = "https://github.com/fireflyprotocol/integer-library.git", subdir = ".", rev = "8a534bd1c0b334cd3937c27987f3147a06ba6a18" }
use_environment = "mainnet"
manifest_digest = "7AF3E6BDD80570B066831AC1D2C79EC7DF74BB5F48F30183D9CE56C08F817641"
deps = { Sui = "Sui" }

[pinned.mainnet.IntegerMate]
source = { git = "https://github.com/CetusProtocol/integer-mate.git", subdir = "sui", rev = "ebde89d9ccef611970d0e7fd4947d439da0207db" }
use_environment = "mainnet"
manifest_digest = "E41BBD67BE8940D26C79D78B028477EF5B33BA217A1282C78ACB344CF8A5ECF6"
deps = { std = "MoveStdlib_1", sui = "Sui_1" }

[pinned.mainnet.MoveStdlib]
source = { git = "https://github.com/MystenLabs/sui.git", subdir = "crates/sui-framework/packages/move-stdlib", rev = "2b1b14361f9fe645ef3c233ccb208522e87b5727" }
use_environment = "mainnet"
manifest_digest = "C4FE4C91DE74CBF223B2E380AE40F592177D21870DC2D7EB6227D2D694E05363"
deps = {}

[pinned.mainnet.MoveStdlib_1]
source = { git = "https://github.com/MystenLabs/sui.git", subdir = "crates/sui-framework/packages/move-stdlib", rev = "384b1c7ff289b32ed2664f29dc47dbc879fa43ee" }
use_environment = "mainnet"
manifest_digest = "C4FE4C91DE74CBF223B2E380AE40F592177D21870DC2D7EB6227D2D694E05363"
deps = {}

[pinned.mainnet.Sui]
source = { git = "https://github.com/MystenLabs/sui.git", subdir = "crates/sui-framework/packages/sui-framework", rev = "2b1b14361f9fe645ef3c233ccb208522e87b5727" }
use_environment = "mainnet"
manifest_digest = "CD547CB1ACCE0880C835DAED2D8FFCB91D56C833AE5240D3AA5B918398263195"
deps = { MoveStdlib = "MoveStdlib" }

[pinned.mainnet.Sui_1]
source = { git = "https://github.com/MystenLabs/sui.git", subdir = "crates/sui-framework/packages/sui-framework", rev = "384b1c7ff289b32ed2664f29dc47dbc879fa43ee" }
use_environment = "mainnet"
manifest_digest = "CD547CB1ACCE0880C835DAED2D8FFCB91D56C833AE5240D3AA5B918398263195"
deps = { MoveStdlib = "MoveStdlib_1" }
