# Generated by move; do not edit
# This file should be checked in.

[move]
version = 4

[pinned.mainnet.BluefinSpot]
source = { root = true }
use_environment = "mainnet"
manifest_digest = "67D4E1B535FABDFEDB3819F51EB0C2B3DA218B2BBFC283417427867F4565AFFD"
deps = { IntegerLibrary = "IntegerLibrary", IntegerMate = "IntegerMate", Sui = "Sui_1" }

[pinned.mainnet.IntegerLibrary]
source = { git = "https://github.com/fireflyprotocol/integer-library.git", subdir = ".", rev = "8a534bd1c0b334cd3937c27987f3147a06ba6a18" }
use_environment = "mainnet"
manifest_digest = "7AF3E6BDD80570B066831AC1D2C79EC7DF74BB5F48F30183D9CE56C08F817641"
deps = { Sui = "Sui" }

[pinned.mainnet.IntegerMate]
source = { git = "https://github.com/CetusProtocol/integer-mate.git", subdir = "sui", rev = "06660f704c4ac1d443ab62346a46b5b60d49df33" }
use_environment = "mainnet"
manifest_digest = "7AF3E6BDD80570B066831AC1D2C79EC7DF74BB5F48F30183D9CE56C08F817641"
deps = { Sui = "Sui" }

[pinned.mainnet.MoveStdlib]
source = { git = "https://github.com/MystenLabs/sui.git", subdir = "crates/sui-framework/packages/move-stdlib", rev = "2b1b14361f9fe645ef3c233ccb208522e87b5727" }
use_environment = "mainnet"
manifest_digest = "C4FE4C91DE74CBF223B2E380AE40F592177D21870DC2D7EB6227D2D694E05363"
deps = {}

[pinned.mainnet.MoveStdlib_1]
source = { git = "https://github.com/MystenLabs/sui.git", subdir = "crates/sui-framework/packages/move-stdlib", rev = "f3883ed924ed658a5777aa5b14ebff2d5278a921" }
use_environment = "mainnet"
manifest_digest = "C4FE4C91DE74CBF223B2E380AE40F592177D21870DC2D7EB6227D2D694E05363"
deps = {}

[pinned.mainnet.Sui]
source = { git = "https://github.com/MystenLabs/sui.git", subdir = "crates/sui-framework/packages/sui-framework", rev = "2b1b14361f9fe645ef3c233ccb208522e87b5727" }
use_environment = "mainnet"
manifest_digest = "CD547CB1ACCE0880C835DAED2D8FFCB91D56C833AE5240D3AA5B918398263195"
deps = { MoveStdlib = "MoveStdlib" }

[pinned.mainnet.Sui_1]
source = { git = "https://github.com/MystenLabs/sui.git", subdir = "crates/sui-framework/packages/sui-framework", rev = "f3883ed924ed658a5777aa5b14ebff2d5278a921" }
use_environment = "mainnet"
manifest_digest = "CD547CB1ACCE0880C835DAED2D8FFCB91D56C833AE5240D3AA5B918398263195"
deps = { MoveStdlib = "MoveStdlib_1" }
